
Microsoft Visual Studio Solution File, Format Version 12.00
# Visual Studio 14
VisualStudioVersion = 14.0.25420.1
MinimumVisualStudioVersion = 10.0.40219.1
Project("{151D2E53-A2C4-4D7D-83FE-D05416EBD58E}") = "2DCXMSXMT", "2DC.XMS.XMT\2DCXMSXMT.deployproj", "{86F49C74-3220-441A-8F62-C081F714C7D2}"
EndProject
Global
	GlobalSection(SolutionConfigurationPlatforms) = preSolution
		Debug|Any CPU = Debug|Any CPU
		Release|Any CPU = Release|Any CPU
	EndGlobalSection
	GlobalSection(ProjectConfigurationPlatforms) = postSolution
		{86F49C74-3220-441A-8F62-C081F714C7D2}.Debug|Any CPU.ActiveCfg = Debug|Any CPU
		{86F49C74-3220-441A-8F62-C081F714C7D2}.Debug|Any CPU.Build.0 = Debug|Any CPU
		{86F49C74-3220-441A-8F62-C081F714C7D2}.Release|Any CPU.ActiveCfg = Release|Any CPU
		{86F49C74-3220-441A-8F62-C081F714C7D2}.Release|Any CPU.Build.0 = Release|Any CPU
	EndGlobalSection
	GlobalSection(SolutionProperties) = preSolution
		HideSolutionNode = FALSE
	EndGlobalSection
EndGlobal
